
Microsoft Visual Studio Solution File, Format Version 12.00
# Visual Studio Version 16
VisualStudioVersion = 16.0.30621.155
MinimumVisualStudioVersion = 10.0.40219.1
Project("{FAE04EC0-301F-11D3-BF4B-00C04F79EFBC}") = "WPF_ExtraCredit", "WPF_ExtraCredit\WPF_ExtraCredit.csproj", "{A3125F14-EE21-4A67-8E3E-88AA2ECF99AF}"
EndProject
Global
	GlobalSection(SolutionConfigurationPlatforms) = preSolution
		Debug|Any CPU = Debug|Any CPU
		Release|Any CPU = Release|Any CPU
	EndGlobalSection
	GlobalSection(ProjectConfigurationPlatforms) = postSolution
		{A3125F14-EE21-4A67-8E3E-88AA2ECF99AF}.Debug|Any CPU.ActiveCfg = Debug|Any CPU
		{A3125F14-EE21-4A67-8E3E-88AA2ECF99AF}.Debug|Any CPU.Build.0 = Debug|Any CPU
		{A3125F14-EE21-4A67-8E3E-88AA2ECF99AF}.Release|Any CPU.ActiveCfg = Release|Any CPU
		{A3125F14-EE21-4A67-8E3E-88AA2ECF99AF}.Release|Any CPU.Build.0 = Release|Any CPU
	EndGlobalSection
	GlobalSection(SolutionProperties) = preSolution
		HideSolutionNode = FALSE
	EndGlobalSection
	GlobalSection(ExtensibilityGlobals) = postSolution
		SolutionGuid = {0E9E6D2C-1407-432C-BCCB-F4B0B1DA613B}
	EndGlobalSection
EndGlobal
